
Microsoft Visual Studio Solution File, Format Version 12.00
# Visual Studio 15
VisualStudioVersion = 15.0.26430.15
MinimumVisualStudioVersion = 10.0.40219.1
Project("{FAE04EC0-301F-11D3-BF4B-00C04F79EFBC}") = "Cinema_WPF", "Cinema_WPF\Cinema_WPF.csproj", "{15C63EEC-73AD-4C4B-A055-1BDA566B939E}"
EndProject
Global
	GlobalSection(SolutionConfigurationPlatforms) = preSolution
		Debug|Any CPU = Debug|Any CPU
		Release|Any CPU = Release|Any CPU
	EndGlobalSection
	GlobalSection(ProjectConfigurationPlatforms) = postSolution
		{15C63EEC-73AD-4C4B-A055-1BDA566B939E}.Debug|Any CPU.ActiveCfg = Debug|Any CPU
		{15C63EEC-73AD-4C4B-A055-1BDA566B939E}.Debug|Any CPU.Build.0 = Debug|Any CPU
		{15C63EEC-73AD-4C4B-A055-1BDA566B939E}.Release|Any CPU.ActiveCfg = Release|Any CPU
		{15C63EEC-73AD-4C4B-A055-1BDA566B939E}.Release|Any CPU.Build.0 = Release|Any CPU
	EndGlobalSection
	GlobalSection(SolutionProperties) = preSolution
		HideSolutionNode = FALSE
	EndGlobalSection
EndGlobal
